
Microsoft Visual Studio Solution File, Format Version 12.00
# Visual Studio Version 17
VisualStudioVersion = 17.9.34902.65
MinimumVisualStudioVersion = 10.0.40219.1
Project("{FAE04EC0-301F-11D3-BF4B-00C04F79EFBC}") = "JobCandidatesAPI", "JobCandidatesAPI\JobCandidatesAPI.csproj", "{F8BA800D-5160-4CA5-B017-60901907A5AA}"
EndProject
Global
	GlobalSection(SolutionConfigurationPlatforms) = preSolution
		Debug|Any CPU = Debug|Any CPU
		Release|Any CPU = Release|Any CPU
	EndGlobalSection
	GlobalSection(ProjectConfigurationPlatforms) = postSolution
		{F8BA800D-5160-4CA5-B017-60901907A5AA}.Debug|Any CPU.ActiveCfg = Debug|Any CPU
		{F8BA800D-5160-4CA5-B017-60901907A5AA}.Debug|Any CPU.Build.0 = Debug|Any CPU
		{F8BA800D-5160-4CA5-B017-60901907A5AA}.Release|Any CPU.ActiveCfg = Release|Any CPU
		{F8BA800D-5160-4CA5-B017-60901907A5AA}.Release|Any CPU.Build.0 = Release|Any CPU
	EndGlobalSection
	GlobalSection(SolutionProperties) = preSolution
		HideSolutionNode = FALSE
	EndGlobalSection
	GlobalSection(ExtensibilityGlobals) = postSolution
		SolutionGuid = {57701607-FA81-46DA-97A0-F8F8892A9757}
	EndGlobalSection
EndGlobal
