
Microsoft Visual Studio Solution File, Format Version 12.00
# Visual Studio Version 17
VisualStudioVersion = 17.9.34902.65
MinimumVisualStudioVersion = 10.0.40219.1
Project("{FAE04EC0-301F-11D3-BF4B-00C04F79EFBC}") = "JobCandidatesAPI", "JobCandidatesAPI\JobCandidatesAPI.csproj", "{F8BA800D-5160-4CA5-B017-60901907A5AA}"
EndProject
Project("{2150E333-8FDC-42A3-9474-1A3956D46DE8}") = "src", "src", "{5E8FE089-8ADF-49BE-9091-C1C4B71B66C7}"
EndProject
Project("{2150E333-8FDC-42A3-9474-1A3956D46DE8}") = "tests", "tests", "{EDBA9AC1-6FCD-48AC-8EC8-89D6C71161F9}"
EndProject
Project("{FAE04EC0-301F-11D3-BF4B-00C04F79EFBC}") = "Infrastructure", "Infrastructure\Infrastructure.csproj", "{D862FFDF-546E-4AE8-BC60-01C6717FFBB8}"
EndProject
Project("{FAE04EC0-301F-11D3-BF4B-00C04F79EFBC}") = "Application", "Application\Application.csproj", "{3A7A55A2-0C60-44C8-A7D1-8AD40EB75774}"
EndProject
Project("{FAE04EC0-301F-11D3-BF4B-00C04F79EFBC}") = "Domain", "Domain\Domain.csproj", "{29DD27FD-6F5B-45D4-B84A-3F7516615BBC}"
EndProject
Global
	GlobalSection(SolutionConfigurationPlatforms) = preSolution
		Debug|Any CPU = Debug|Any CPU
		Release|Any CPU = Release|Any CPU
	EndGlobalSection
	GlobalSection(ProjectConfigurationPlatforms) = postSolution
		{F8BA800D-5160-4CA5-B017-60901907A5AA}.Debug|Any CPU.ActiveCfg = Debug|Any CPU
		{F8BA800D-5160-4CA5-B017-60901907A5AA}.Debug|Any CPU.Build.0 = Debug|Any CPU
		{F8BA800D-5160-4CA5-B017-60901907A5AA}.Release|Any CPU.ActiveCfg = Release|Any CPU
		{F8BA800D-5160-4CA5-B017-60901907A5AA}.Release|Any CPU.Build.0 = Release|Any CPU
		{D862FFDF-546E-4AE8-BC60-01C6717FFBB8}.Debug|Any CPU.ActiveCfg = Debug|Any CPU
		{D862FFDF-546E-4AE8-BC60-01C6717FFBB8}.Debug|Any CPU.Build.0 = Debug|Any CPU
		{D862FFDF-546E-4AE8-BC60-01C6717FFBB8}.Release|Any CPU.ActiveCfg = Release|Any CPU
		{D862FFDF-546E-4AE8-BC60-01C6717FFBB8}.Release|Any CPU.Build.0 = Release|Any CPU
		{3A7A55A2-0C60-44C8-A7D1-8AD40EB75774}.Debug|Any CPU.ActiveCfg = Debug|Any CPU
		{3A7A55A2-0C60-44C8-A7D1-8AD40EB75774}.Debug|Any CPU.Build.0 = Debug|Any CPU
		{3A7A55A2-0C60-44C8-A7D1-8AD40EB75774}.Release|Any CPU.ActiveCfg = Release|Any CPU
		{3A7A55A2-0C60-44C8-A7D1-8AD40EB75774}.Release|Any CPU.Build.0 = Release|Any CPU
		{29DD27FD-6F5B-45D4-B84A-3F7516615BBC}.Debug|Any CPU.ActiveCfg = Debug|Any CPU
		{29DD27FD-6F5B-45D4-B84A-3F7516615BBC}.Debug|Any CPU.Build.0 = Debug|Any CPU
		{29DD27FD-6F5B-45D4-B84A-3F7516615BBC}.Release|Any CPU.ActiveCfg = Release|Any CPU
		{29DD27FD-6F5B-45D4-B84A-3F7516615BBC}.Release|Any CPU.Build.0 = Release|Any CPU
	EndGlobalSection
	GlobalSection(SolutionProperties) = preSolution
		HideSolutionNode = FALSE
	EndGlobalSection
	GlobalSection(NestedProjects) = preSolution
		{F8BA800D-5160-4CA5-B017-60901907A5AA} = {5E8FE089-8ADF-49BE-9091-C1C4B71B66C7}
		{D862FFDF-546E-4AE8-BC60-01C6717FFBB8} = {5E8FE089-8ADF-49BE-9091-C1C4B71B66C7}
		{3A7A55A2-0C60-44C8-A7D1-8AD40EB75774} = {5E8FE089-8ADF-49BE-9091-C1C4B71B66C7}
		{29DD27FD-6F5B-45D4-B84A-3F7516615BBC} = {5E8FE089-8ADF-49BE-9091-C1C4B71B66C7}
	EndGlobalSection
	GlobalSection(ExtensibilityGlobals) = postSolution
		SolutionGuid = {57701607-FA81-46DA-97A0-F8F8892A9757}
	EndGlobalSection
EndGlobal
